hash: f81cb6107b05053e10da0c00c3d4d2072b733b17197f1cc1b55add216e93bc3c
updated: 2018-12-12T21:05:33.19074+08:00
imports:
- name: github.com/gosuri/uitable
  version: 36ee7e946282a3fb1cfecd476ddc9b35d8847e42
  subpackages:
  - util/strutil
  - util/wordwrap
- name: github.com/inconshreveable/mousetrap
  version: 76626ae9c91c4f2a10f34cad8ce83ea42c93bb75
- name: github.com/mattn/go-runewidth
  version: c88d7e5f2e24de48a200a2655ac8a0910be9a0f7
- name: github.com/spf13/cobra
  version: ef82de70bb3f60c65fb8eebacbb2d122ef517385
- name: github.com/spf13/pflag
  version: 3ebe029320b2676d667ae88da602a5f854788a8a
- name: gopkg.in/resty.v1
  version: a59932b061db030cf7edc11d970c8b6013d04a32
testImports: []
